// !$*UTF8*$!
{
	archiveVersion = 1;
	classes = {
	};
	objectVersion = 56;
	objects = {

/* Begin PBXBuildFile section */
		70A7073B2BE2D84200D9918B /* watchDogsApp.swift in Sources */ = {isa = PBXBuildFile; fileRef = 70A7073A2BE2D84200D9918B /* watchDogsApp.swift */; };
		70A7073D2BE2D84200D9918B /* ContentView.swift in Sources */ = {isa = PBXBuildFile; fileRef = 70A7073C2BE2D84200D9918B /* ContentView.swift */; };
		70A7073F2BE2D84300D9918B /* Assets.xcassets in Resources */ = {isa = PBXBuildFile; fileRef = 70A7073E2BE2D84300D9918B /* Assets.xcassets */; };
		70A707422BE2D84300D9918B /* Preview Assets.xcassets in Resources */ = {isa = PBXBuildFile; fileRef = 70A707412BE2D84300D9918B /* Preview Assets.xcassets */; };
		70A7074C2BE2D84400D9918B /* watchDogsTests.swift in Sources */ = {isa = PBXBuildFile; fileRef = 70A7074B2BE2D84400D9918B /* watchDogsTests.swift */; };
		70A707562BE2D84400D9918B /* watchDogsUITests.swift in Sources */ = {isa = PBXBuildFile; fileRef = 70A707552BE2D84400D9918B /* watchDogsUITests.swift */; };
		70A707582BE2D84400D9918B /* watchDogsUITestsLaunchTests.swift in Sources */ = {isa = PBXBuildFile; fileRef = 70A707572BE2D84400D9918B /* watchDogsUITestsLaunchTests.swift */; };
/* End PBXBuildFile section */

/* Begin PBXContainerItemProxy section */
		70A707482BE2D84400D9918B /* PBXContainerItemProxy */ = {
			isa = PBXContainerItemProxy;
			containerPortal = 70A7072F2BE2D84200D9918B /* Project object */;
			proxyType = 1;
			remoteGlobalIDString = 70A707362BE2D84200D9918B;
			remoteInfo = watchDogs;
		};
		70A707522BE2D84400D9918B /* PBXContainerItemProxy */ = {
			isa = PBXContainerItemProxy;
			containerPortal = 70A7072F2BE2D84200D9918B /* Project object */;
			proxyType = 1;
			remoteGlobalIDString = 70A707362BE2D84200D9918B;
			remoteInfo = watchDogs;
		};
/* End PBXContainerItemProxy section */

/* Begin PBXFileReference section */
		70A707372BE2D84200D9918B /* watchDogs.app */ = {isa = PBXFileReference; explicitFileType = wrapper.application; includeInIndex = 0; path = watchDogs.app; sourceTree = BUILT_PRODUCTS_DIR; };
		70A7073A2BE2D84200D9918B /* watchDogsApp.swift */ = {isa = PBXFileReference; lastKnownFileType = sourcecode.swift; path = watchDogsApp.swift; sourceTree = "<group>"; };
		70A7073C2BE2D84200D9918B /* ContentView.swift */ = {isa = PBXFileReference; lastKnownFileType = sourcecode.swift; path = ContentView.swift; sourceTree = "<group>"; };
		70A7073E2BE2D84300D9918B /* Assets.xcassets */ = {isa = PBXFileReference; lastKnownFileType = folder.assetcatalog; path = Assets.xcassets; sourceTree = "<group>"; };
		70A707412BE2D84300D9918B /* Preview Assets.xcassets */ = {isa = PBXFileReference; lastKnownFileType = folder.assetcatalog; path = "Preview Assets.xcassets"; sourceTree = "<group>"; };
		70A707472BE2D84400D9918B /* watchDogsTests.xctest */ = {isa = PBXFileReference; explicitFileType = wrapper.cfbundle; includeInIndex = 0; path = watchDogsTests.xctest; sourceTree = BUILT_PRODUCTS_DIR; };
		70A7074B2BE2D84400D9918B /* watchDogsTests.swift */ = {isa = PBXFileReference; lastKnownFileType = sourcecode.swift; path = watchDogsTests.swift; sourceTree = "<group>"; };
		70A707512BE2D84400D9918B /* watchDogsUITests.xctest */ = {isa = PBXFileReference; explicitFileType = wrapper.cfbundle; includeInIndex = 0; path = watchDogsUITests.xctest; sourceTree = BUILT_PRODUCTS_DIR; };
		70A707552BE2D84400D9918B /* watchDogsUITests.swift */ = {isa = PBXFileReference; lastKnownFileType = sourcecode.swift; path = watchDogsUITests.swift; sourceTree = "<group>"; };
		70A707572BE2D84400D9918B /* watchDogsUITestsLaunchTests.swift */ = {isa = PBXFileReference; lastKnownFileType = sourcecode.swift; path = watchDogsUITestsLaunchTests.swift; sourceTree = "<group>"; };
/* End PBXFileReference section */

/* Begin PBXFrameworksBuildPhase section */
		70A707342BE2D84200D9918B /* Frameworks */ = {
			isa = PBXFrameworksBuildPhase;
			buildActionMask = 2147483647;
			files = (
			);
			runOnlyForDeploymentPostprocessing = 0;
		};
		70A707442BE2D84400D9918B /* Frameworks */ = {
			isa = PBXFrameworksBuildPhase;
			buildActionMask = 2147483647;
			files = (
			);
			runOnlyForDeploymentPostprocessing = 0;
		};
		70A7074E2BE2D84400D9918B /* Frameworks */ = {
			isa = PBXFrameworksBuildPhase;
			buildActionMask = 2147483647;
			files = (
			);
			runOnlyForDeploymentPostprocessing = 0;
		};
/* End PBXFrameworksBuildPhase section */

/* Begin PBXGroup section */
		70A7072E2BE2D84200D9918B = {
			isa = PBXGroup;
			children = (
				70A707392BE2D84200D9918B /* watchDogs */,
				70A7074A2BE2D84400D9918B /* watchDogsTests */,
				70A707542BE2D84400D9918B /* watchDogsUITests */,
				70A707382BE2D84200D9918B /* Products */,
			);
			sourceTree = "<group>";
		};
		70A707382BE2D84200D9918B /* Products */ = {
			isa = PBXGroup;
			children = (
				70A707372BE2D84200D9918B /* watchDogs.app */,
				70A707472BE2D84400D9918B /* watchDogsTests.xctest */,
				70A707512BE2D84400D9918B /* watchDogsUITests.xctest */,
			);
			name = Products;
			sourceTree = "<group>";
		};
		70A707392BE2D84200D9918B /* watchDogs */ = {
			isa = PBXGroup;
			children = (
				70A7073A2BE2D84200D9918B /* watchDogsApp.swift */,
				70A7073C2BE2D84200D9918B /* ContentView.swift */,
				70A7073E2BE2D84300D9918B /* Assets.xcassets */,
				70A707402BE2D84300D9918B /* Preview Content */,
			);
			path = watchDogs;
			sourceTree = "<group>";
		};
		70A707402BE2D84300D9918B /* Preview Content */ = {
			isa = PBXGroup;
			children = (
				70A707412BE2D84300D9918B /* Preview Assets.xcassets */,
			);
			path = "Preview Content";
			sourceTree = "<group>";
		};
		70A7074A2BE2D84400D9918B /* watchDogsTests */ = {
			isa = PBXGroup;
			children = (
				70A7074B2BE2D84400D9918B /* watchDogsTests.swift */,
			);
			path = watchDogsTests;
			sourceTree = "<group>";
		};
		70A707542BE2D84400D9918B /* watchDogsUITests */ = {
			isa = PBXGroup;
			children = (
				70A707552BE2D84400D9918B /* watchDogsUITests.swift */,
				70A707572BE2D84400D9918B /* watchDogsUITestsLaunchTests.swift */,
			);
			path = watchDogsUITests;
			sourceTree = "<group>";
		};
/* End PBXGroup section */

/* Begin PBXNativeTarget section */
		70A707362BE2D84200D9918B /* watchDogs */ = {
			isa = PBXNativeTarget;
			buildConfigurationList = 70A7075B2BE2D84400D9918B /* Build configuration list for PBXNativeTarget "watchDogs" */;
			buildPhases = (
				70A707332BE2D84200D9918B /* Sources */,
				70A707342BE2D84200D9918B /* Frameworks */,
				70A707352BE2D84200D9918B /* Resources */,
			);
			buildRules = (
			);
			dependencies = (
			);
			name = watchDogs;
			productName = watchDogs;
			productReference = 70A707372BE2D84200D9918B /* watchDogs.app */;
			productType = "com.apple.product-type.application";
		};
		70A707462BE2D84400D9918B /* watchDogsTests */ = {
			isa = PBXNativeTarget;
			buildConfigurationList = 70A7075E2BE2D84400D9918B /* Build configuration list for PBXNativeTarget "watchDogsTests" */;
			buildPhases = (
				70A707432BE2D84400D9918B /* Sources */,
				70A707442BE2D84400D9918B /* Frameworks */,
				70A707452BE2D84400D9918B /* Resources */,
			);
			buildRules = (
			);
			dependencies = (
				70A707492BE2D84400D9918B /* PBXTargetDependency */,
			);
			name = watchDogsTests;
			productName = watchDogsTests;
			productReference = 70A707472BE2D84400D9918B /* watchDogsTests.xctest */;
			productType = "com.apple.product-type.bundle.unit-test";
		};
		70A707502BE2D84400D9918B /* watchDogsUITests */ = {
			isa = PBXNativeTarget;
			buildConfigurationList = 70A707612BE2D84400D9918B /* Build configuration list for PBXNativeTarget "watchDogsUITests" */;
			buildPhases = (
				70A7074D2BE2D84400D9918B /* Sources */,
				70A7074E2BE2D84400D9918B /* Frameworks */,
				70A7074F2BE2D84400D9918B /* Resources */,
			);
			buildRules = (
			);
			dependencies = (
				70A707532BE2D84400D9918B /* PBXTargetDependency */,
			);
			name = watchDogsUITests;
			productName = watchDogsUITests;
			productReference = 70A707512BE2D84400D9918B /* watchDogsUITests.xctest */;
			productType = "com.apple.product-type.bundle.ui-testing";
		};
/* End PBXNativeTarget section */

/* Begin PBXProject section */
		70A7072F2BE2D84200D9918B /* Project object */ = {
			isa = PBXProject;
			attributes = {
				BuildIndependentTargetsInParallel = 1;
				LastSwiftUpdateCheck = 1530;
				LastUpgradeCheck = 1530;
				TargetAttributes = {
					70A707362BE2D84200D9918B = {
						CreatedOnToolsVersion = 15.3;
					};
					70A707462BE2D84400D9918B = {
						CreatedOnToolsVersion = 15.3;
						TestTargetID = 70A707362BE2D84200D9918B;
					};
					70A707502BE2D84400D9918B = {
						CreatedOnToolsVersion = 15.3;
						TestTargetID = 70A707362BE2D84200D9918B;
					};
				};
			};
			buildConfigurationList = 70A707322BE2D84200D9918B /* Build configuration list for PBXProject "watchDogs" */;
			compatibilityVersion = "Xcode 14.0";
			developmentRegion = en;
			hasScannedForEncodings = 0;
			knownRegions = (
				en,
				Base,
			);
			mainGroup = 70A7072E2BE2D84200D9918B;
			productRefGroup = 70A707382BE2D84200D9918B /* Products */;
			projectDirPath = "";
			projectRoot = "";
			targets = (
				70A707362BE2D84200D9918B /* watchDogs */,
				70A707462BE2D84400D9918B /* watchDogsTests */,
				70A707502BE2D84400D9918B /* watchDogsUITests */,
			);
		};
/* End PBXProject section */

/* Begin PBXResourcesBuildPhase section */
		70A707352BE2D84200D9918B /* Resources */ = {
			isa = PBXResourcesBuildPhase;
			buildActionMask = 2147483647;
			files = (
				70A707422BE2D84300D9918B /* Preview Assets.xcassets in Resources */,
				70A7073F2BE2D84300D9918B /* Assets.xcassets in Resources */,
			);
			runOnlyForDeploymentPostprocessing = 0;
		};
		70A707452BE2D84400D9918B /* Resources */ = {
			isa = PBXResourcesBuildPhase;
			buildActionMask = 2147483647;
			files = (
			);
			runOnlyForDeploymentPostprocessing = 0;
		};
		70A7074F2BE2D84400D9918B /* Resources */ = {
			isa = PBXResourcesBuildPhase;
			buildActionMask = 2147483647;
			files = (
			);
			runOnlyForDeploymentPostprocessing = 0;
		};
/* End PBXResourcesBuildPhase section */

/* Begin PBXSourcesBuildPhase section */
		70A707332BE2D84200D9918B /* Sources */ = {
			isa = PBXSourcesBuildPhase;
			buildActionMask = 2147483647;
			files = (
				70A7073D2BE2D84200D9918B /* ContentView.swift in Sources */,
				70A7073B2BE2D84200D9918B /* watchDogsApp.swift in Sources */,
			);
			runOnlyForDeploymentPostprocessing = 0;
		};
		70A707432BE2D84400D9918B /* Sources */ = {
			isa = PBXSourcesBuildPhase;
			buildActionMask = 2147483647;
			files = (
				70A7074C2BE2D84400D9918B /* watchDogsTests.swift in Sources */,
			);
			runOnlyForDeploymentPostprocessing = 0;
		};
		70A7074D2BE2D84400D9918B /* Sources */ = {
			isa = PBXSourcesBuildPhase;
			buildActionMask = 2147483647;
			files = (
				70A707562BE2D84400D9918B /* watchDogsUITests.swift in Sources */,
				70A707582BE2D84400D9918B /* watchDogsUITestsLaunchTests.swift in Sources */,
			);
			runOnlyForDeploymentPostprocessing = 0;
		};
/* End PBXSourcesBuildPhase section */

/* Begin PBXTargetDependency section */
		70A707492BE2D84400D9918B /* PBXTargetDependency */ = {
			isa = PBXTargetDependency;
			target = 70A707362BE2D84200D9918B /* watchDogs */;
			targetProxy = 70A707482BE2D84400D9918B /* PBXContainerItemProxy */;
		};
		70A707532BE2D84400D9918B /* PBXTargetDependency */ = {
			isa = PBXTargetDependency;
			target = 70A707362BE2D84200D9918B /* watchDogs */;
			targetProxy = 70A707522BE2D84400D9918B /* PBXContainerItemProxy */;
		};
/* End PBXTargetDependency section */

/* Begin XCBuildConfiguration section */
		70A707592BE2D84400D9918B /* Debug */ = {
			isa = XCBuildConfiguration;
			buildSettings = {
				ALWAYS_SEARCH_USER_PATHS = NO;
				ASSETCATALOG_COMPILER_GENERATE_SWIFT_ASSET_SYMBOL_EXTENSIONS = YES;
				CLANG_ANALYZER_NONNULL = YES;
				CLANG_ANALYZER_NUMBER_OBJECT_CONVERSION = YES_AGGRESSIVE;
				CLANG_CXX_LANGUAGE_STANDARD = "gnu++20";
				CLANG_ENABLE_MODULES = YES;
				CLANG_ENABLE_OBJC_ARC = YES;
				CLANG_ENABLE_OBJC_WEAK = YES;
				CLANG_WARN_BLOCK_CAPTURE_AUTORELEASING = YES;
				CLANG_WARN_BOOL_CONVERSION = YES;
				CLANG_WARN_COMMA = YES;
				CLANG_WARN_CONSTANT_CONVERSION = YES;
				CLANG_WARN_DEPRECATED_OBJC_IMPLEMENTATIONS = YES;
				CLANG_WARN_DIRECT_OBJC_ISA_USAGE = YES_ERROR;
				CLANG_WARN_DOCUMENTATION_COMMENTS = YES;
				CLANG_WARN_EMPTY_BODY = YES;
				CLANG_WARN_ENUM_CONVERSION = YES;
				CLANG_WARN_INFINITE_RECURSION = YES;
				CLANG_WARN_INT_CONVERSION = YES;
				CLANG_WARN_NON_LITERAL_NULL_CONVERSION = YES;
				CLANG_WARN_OBJC_IMPLICIT_RETAIN_SELF = YES;
				CLANG_WARN_OBJC_LITERAL_CONVERSION = YES;
				CLANG_WARN_OBJC_ROOT_CLASS = YES_ERROR;
				CLANG_WARN_QUOTED_INCLUDE_IN_FRAMEWORK_HEADER = YES;
				CLANG_WARN_RANGE_LOOP_ANALYSIS = YES;
				CLANG_WARN_STRICT_PROTOTYPES = YES;
				CLANG_WARN_SUSPICIOUS_MOVE = YES;
				CLANG_WARN_UNGUARDED_AVAILABILITY = YES_AGGRESSIVE;
				CLANG_WARN_UNREACHABLE_CODE = YES;
				CLANG_WARN__DUPLICATE_METHOD_MATCH = YES;
				COPY_PHASE_STRIP = NO;
				DEBUG_INFORMATION_FORMAT = dwarf;
				ENABLE_STRICT_OBJC_MSGSEND = YES;
				ENABLE_TESTABILITY = YES;
				ENABLE_USER_SCRIPT_SANDBOXING = YES;
				GCC_C_LANGUAGE_STANDARD = gnu17;
				GCC_DYNAMIC_NO_PIC = NO;
				GCC_NO_COMMON_BLOCKS = YES;
				GCC_OPTIMIZATION_LEVEL = 0;
				GCC_PREPROCESSOR_DEFINITIONS = (
					"DEBUG=1",
					"$(inherited)",
				);
				GCC_WARN_64_TO_32_BIT_CONVERSION = YES;
				GCC_WARN_ABOUT_RETURN_TYPE = YES_ERROR;
				GCC_WARN_UNDECLARED_SELECTOR = YES;
				GCC_WARN_UNINITIALIZED_AUTOS = YES_AGGRESSIVE;
				GCC_WARN_UNUSED_FUNCTION = YES;
				GCC_WARN_UNUSED_VARIABLE = YES;
				IPHONEOS_DEPLOYMENT_TARGET = 17.4;
				LOCALIZATION_PREFERS_STRING_CATALOGS = YES;
				MTL_ENABLE_DEBUG_INFO = INCLUDE_SOURCE;
				MTL_FAST_MATH = YES;
				ONLY_ACTIVE_ARCH = YES;
				SDKROOT = iphoneos;
				SWIFT_ACTIVE_COMPILATION_CONDITIONS = "DEBUG $(inherited)";
				SWIFT_OPTIMIZATION_LEVEL = "-Onone";
			};
			name = Debug;
		};
		70A7075A2BE2D84400D9918B /* Release */ = {
			isa = XCBuildConfiguration;
			buildSettings = {
				ALWAYS_SEARCH_USER_PATHS = NO;
				ASSETCATALOG_COMPILER_GENERATE_SWIFT_ASSET_SYMBOL_EXTENSIONS = YES;
				CLANG_ANALYZER_NONNULL = YES;
				CLANG_ANALYZER_NUMBER_OBJECT_CONVERSION = YES_AGGRESSIVE;
				CLANG_CXX_LANGUAGE_STANDARD = "gnu++20";
				CLANG_ENABLE_MODULES = YES;
				CLANG_ENABLE_OBJC_ARC = YES;
				CLANG_ENABLE_OBJC_WEAK = YES;
				CLANG_WARN_BLOCK_CAPTURE_AUTORELEASING = YES;
				CLANG_WARN_BOOL_CONVERSION = YES;
				CLANG_WARN_COMMA = YES;
				CLANG_WARN_CONSTANT_CONVERSION = YES;
				CLANG_WARN_DEPRECATED_OBJC_IMPLEMENTATIONS = YES;
				CLANG_WARN_DIRECT_OBJC_ISA_USAGE = YES_ERROR;
				CLANG_WARN_DOCUMENTATION_COMMENTS = YES;
				CLANG_WARN_EMPTY_BODY = YES;
				CLANG_WARN_ENUM_CONVERSION = YES;
				CLANG_WARN_INFINITE_RECURSION = YES;
				CLANG_WARN_INT_CONVERSION = YES;
				CLANG_WARN_NON_LITERAL_NULL_CONVERSION = YES;
				CLANG_WARN_OBJC_IMPLICIT_RETAIN_SELF = YES;
				CLANG_WARN_OBJC_LITERAL_CONVERSION = YES;
				CLANG_WARN_OBJC_ROOT_CLASS = YES_ERROR;
				CLANG_WARN_QUOTED_INCLUDE_IN_FRAMEWORK_HEADER = YES;
				CLANG_WARN_RANGE_LOOP_ANALYSIS = YES;
				CLANG_WARN_STRICT_PROTOTYPES = YES;
				CLANG_WARN_SUSPICIOUS_MOVE = YES;
				CLANG_WARN_UNGUARDED_AVAILABILITY = YES_AGGRESSIVE;
				CLANG_WARN_UNREACHABLE_CODE = YES;
				CLANG_WARN__DUPLICATE_METHOD_MATCH = YES;
				COPY_PHASE_STRIP = NO;
				DEBUG_INFORMATION_FORMAT = "dwarf-with-dsym";
				ENABLE_NS_ASSERTIONS = NO;
				ENABLE_STRICT_OBJC_MSGSEND = YES;
				ENABLE_USER_SCRIPT_SANDBOXING = YES;
				GCC_C_LANGUAGE_STANDARD = gnu17;
				GCC_NO_COMMON_BLOCKS = YES;
				GCC_WARN_64_TO_32_BIT_CONVERSION = YES;
				GCC_WARN_ABOUT_RETURN_TYPE = YES_ERROR;
				GCC_WARN_UNDECLARED_SELECTOR = YES;
				GCC_WARN_UNINITIALIZED_AUTOS = YES_AGGRESSIVE;
				GCC_WARN_UNUSED_FUNCTION = YES;
				GCC_WARN_UNUSED_VARIABLE = YES;
				IPHONEOS_DEPLOYMENT_TARGET = 17.4;
				LOCALIZATION_PREFERS_STRING_CATALOGS = YES;
				MTL_ENABLE_DEBUG_INFO = NO;
				MTL_FAST_MATH = YES;
				SDKROOT = iphoneos;
				SWIFT_COMPILATION_MODE = wholemodule;
				VALIDATE_PRODUCT = YES;
			};
			name = Release;
		};
		70A7075C2BE2D84400D9918B /* Debug */ = {
			isa = XCBuildConfiguration;
			buildSettings = {
				ASSETCATALOG_COMPILER_APPICON_NAME = AppIcon;
				ASSETCATALOG_COMPILER_GLOBAL_ACCENT_COLOR_NAME = AccentColor;
				CODE_SIGN_STYLE = Automatic;
				CURRENT_PROJECT_VERSION = 1;
				DEVELOPMENT_ASSET_PATHS = "\"watchDogs/Preview Content\"";
				ENABLE_PREVIEWS = YES;
				GENERATE_INFOPLIST_FILE = YES;
				INFOPLIST_KEY_UIApplicationSceneManifest_Generation = YES;
				INFOPLIST_KEY_UIApplicationSupportsIndirectInputEvents = YES;
				INFOPLIST_KEY_UILaunchScreen_Generation = YES;
				INFOPLIST_KEY_UISupportedInterfaceOrientations_iPad = "UIInterfaceOrientationPortrait UIInterfaceOrientationPortraitUpsideDown UIInterfaceOrientationLandscapeLeft UIInterfaceOrientationLandscapeRight";
				INFOPLIST_KEY_UISupportedInterfaceOrientations_iPhone = "UIInterfaceOrientationPortrait UIInterfaceOrientationLandscapeLeft UIInterfaceOrientationLandscapeRight";
				LD_RUNPATH_SEARCH_PATHS = (
					"$(inherited)",
					"@executable_path/Frameworks",
				);
				MARKETING_VERSION = 1.0;
				PRODUCT_BUNDLE_IDENTIFIER = com.meekmoop.watchDogs;
				PRODUCT_NAME = "$(TARGET_NAME)";
				SWIFT_EMIT_LOC_STRINGS = YES;
				SWIFT_VERSION = 5.0;
				TARGETED_DEVICE_FAMILY = "1,2";
			};
			name = Debug;
		};
		70A7075D2BE2D84400D9918B /* Release */ = {
			isa = XCBuildConfiguration;
			buildSettings = {
				ASSETCATALOG_COMPILER_APPICON_NAME = AppIcon;
				ASSETCATALOG_COMPILER_GLOBAL_ACCENT_COLOR_NAME = AccentColor;
				CODE_SIGN_STYLE = Automatic;
				CURRENT_PROJECT_VERSION = 1;
				DEVELOPMENT_ASSET_PATHS = "\"watchDogs/Preview Content\"";
				ENABLE_PREVIEWS = YES;
				GENERATE_INFOPLIST_FILE = YES;
				INFOPLIST_KEY_UIApplicationSceneManifest_Generation = YES;
				INFOPLIST_KEY_UIApplicationSupportsIndirectInputEvents = YES;
				INFOPLIST_KEY_UILaunchScreen_Generation = YES;
				INFOPLIST_KEY_UISupportedInterfaceOrientations_iPad = "UIInterfaceOrientationPortrait UIInterfaceOrientationPortraitUpsideDown UIInterfaceOrientationLandscapeLeft UIInterfaceOrientationLandscapeRight";
				INFOPLIST_KEY_UISupportedInterfaceOrientations_iPhone = "UIInterfaceOrientationPortrait UIInterfaceOrientationLandscapeLeft UIInterfaceOrientationLandscapeRight";
				LD_RUNPATH_SEARCH_PATHS = (
					"$(inherited)",
					"@executable_path/Frameworks",
				);
				MARKETING_VERSION = 1.0;
				PRODUCT_BUNDLE_IDENTIFIER = com.meekmoop.watchDogs;
				PRODUCT_NAME = "$(TARGET_NAME)";
				SWIFT_EMIT_LOC_STRINGS = YES;
				SWIFT_VERSION = 5.0;
				TARGETED_DEVICE_FAMILY = "1,2";
			};
			name = Release;
		};
		70A7075F2BE2D84400D9918B /* Debug */ = {
			isa = XCBuildConfiguration;
			buildSettings = {
				ALWAYS_EMBED_SWIFT_STANDARD_LIBRARIES = YES;
				BUNDLE_LOADER = "$(TEST_HOST)";
				CODE_SIGN_STYLE = Automatic;
				CURRENT_PROJECT_VERSION = 1;
				GENERATE_INFOPLIST_FILE = YES;
				IPHONEOS_DEPLOYMENT_TARGET = 17.4;
				MARKETING_VERSION = 1.0;
				PRODUCT_BUNDLE_IDENTIFIER = com.meekmoop.watchDogsTests;
				PRODUCT_NAME = "$(TARGET_NAME)";
				SWIFT_EMIT_LOC_STRINGS = NO;
				SWIFT_VERSION = 5.0;
				TARGETED_DEVICE_FAMILY = "1,2";
				TEST_HOST = "$(BUILT_PRODUCTS_DIR)/watchDogs.app/$(BUNDLE_EXECUTABLE_FOLDER_PATH)/watchDogs";
			};
			name = Debug;
		};
		70A707602BE2D84400D9918B /* Release */ = {
			isa = XCBuildConfiguration;
			buildSettings = {
				ALWAYS_EMBED_SWIFT_STANDARD_LIBRARIES = YES;
				BUNDLE_LOADER = "$(TEST_HOST)";
				CODE_SIGN_STYLE = Automatic;
				CURRENT_PROJECT_VERSION = 1;
				GENERATE_INFOPLIST_FILE = YES;
				IPHONEOS_DEPLOYMENT_TARGET = 17.4;
				MARKETING_VERSION = 1.0;
				PRODUCT_BUNDLE_IDENTIFIER = com.meekmoop.watchDogsTests;
				PRODUCT_NAME = "$(TARGET_NAME)";
				SWIFT_EMIT_LOC_STRINGS = NO;
				SWIFT_VERSION = 5.0;
				TARGETED_DEVICE_FAMILY = "1,2";
				TEST_HOST = "$(BUILT_PRODUCTS_DIR)/watchDogs.app/$(BUNDLE_EXECUTABLE_FOLDER_PATH)/watchDogs";
			};
			name = Release;
		};
		70A707622BE2D84400D9918B /* Debug */ = {
			isa = XCBuildConfiguration;
			buildSettings = {
				ALWAYS_EMBED_SWIFT_STANDARD_LIBRARIES = YES;
				CODE_SIGN_STYLE = Automatic;
				CURRENT_PROJECT_VERSION = 1;
				GENERATE_INFOPLIST_FILE = YES;
				MARKETING_VERSION = 1.0;
				PRODUCT_BUNDLE_IDENTIFIER = com.meekmoop.watchDogsUITests;
				PRODUCT_NAME = "$(TARGET_NAME)";
				SWIFT_EMIT_LOC_STRINGS = NO;
				SWIFT_VERSION = 5.0;
				TARGETED_DEVICE_FAMILY = "1,2";
				TEST_TARGET_NAME = watchDogs;
			};
			name = Debug;
		};
		70A707632BE2D84400D9918B /* Release */ = {
			isa = XCBuildConfiguration;
			buildSettings = {
				ALWAYS_EMBED_SWIFT_STANDARD_LIBRARIES = YES;
				CODE_SIGN_STYLE = Automatic;
				CURRENT_PROJECT_VERSION = 1;
				GENERATE_INFOPLIST_FILE = YES;
				MARKETING_VERSION = 1.0;
				PRODUCT_BUNDLE_IDENTIFIER = com.meekmoop.watchDogsUITests;
				PRODUCT_NAME = "$(TARGET_NAME)";
				SWIFT_EMIT_LOC_STRINGS = NO;
				SWIFT_VERSION = 5.0;
				TARGETED_DEVICE_FAMILY = "1,2";
				TEST_TARGET_NAME = watchDogs;
			};
			name = Release;
		};
/* End XCBuildConfiguration section */

/* Begin XCConfigurationList section */
		70A707322BE2D84200D9918B /* Build configuration list for PBXProject "watchDogs" */ = {
			isa = XCConfigurationList;
			buildConfigurations = (
				70A707592BE2D84400D9918B /* Debug */,
				70A7075A2BE2D84400D9918B /* Release */,
			);
			defaultConfigurationIsVisible = 0;
			defaultConfigurationName = Release;
		};
		70A7075B2BE2D84400D9918B /* Build configuration list for PBXNativeTarget "watchDogs" */ = {
			isa = XCConfigurationList;
			buildConfigurations = (
				70A7075C2BE2D84400D9918B /* Debug */,
				70A7075D2BE2D84400D9918B /* Release */,
			);
			defaultConfigurationIsVisible = 0;
			defaultConfigurationName = Release;
		};
		70A7075E2BE2D84400D9918B /* Build configuration list for PBXNativeTarget "watchDogsTests" */ = {
			isa = XCConfigurationList;
			buildConfigurations = (
				70A7075F2BE2D84400D9918B /* Debug */,
				70A707602BE2D84400D9918B /* Release */,
			);
			defaultConfigurationIsVisible = 0;
			defaultConfigurationName = Release;
		};
		70A707612BE2D84400D9918B /* Build configuration list for PBXNativeTarget "watchDogsUITests" */ = {
			isa = XCConfigurationList;
			buildConfigurations = (
				70A707622BE2D84400D9918B /* Debug */,
				70A707632BE2D84400D9918B /* Release */,
			);
			defaultConfigurationIsVisible = 0;
			defaultConfigurationName = Release;
		};
/* End XCConfigurationList section */
	};
	rootObject = 70A7072F2BE2D84200D9918B /* Project object */;
}
